// !$*UTF8*$!
{
	archiveVersion = 1;
	classes = {
	};
	objectVersion = 56;
	objects = {

/* Begin PBXBuildFile section */
		89037D602B0DA95D008D9965 /* PhotoLibraryManager.swift in Sources */ = {isa = PBXBuildFile; fileRef = 89037D5F2B0DA95D008D9965 /* PhotoLibraryManager.swift */; };
		89160B002AE4E5B2004D63FB /* Notes.swift in Sources */ = {isa = PBXBuildFile; fileRef = 89160AFF2AE4E5B2004D63FB /* Notes.swift */; };
		89160B042AE5D04E004D63FB /* ListJournalView.swift in Sources */ = {isa = PBXBuildFile; fileRef = 89160B032AE5D04E004D63FB /* ListJournalView.swift */; };
		892AE12F2AF02080009F0139 /* TextEntryView.swift in Sources */ = {isa = PBXBuildFile; fileRef = 892AE12E2AF02080009F0139 /* TextEntryView.swift */; };
		892AE1312AF02E59009F0139 /* ActivityEntryView.swift in Sources */ = {isa = PBXBuildFile; fileRef = 892AE1302AF02E59009F0139 /* ActivityEntryView.swift */; };
		892AE1682AF186A3009F0139 /* UserMealView.swift in Sources */ = {isa = PBXBuildFile; fileRef = 892AE1672AF186A3009F0139 /* UserMealView.swift */; };
		89532EBB2AEADE840003A204 /* QuoteCardView.swift in Sources */ = {isa = PBXBuildFile; fileRef = 89532EBA2AEADE840003A204 /* QuoteCardView.swift */; };
		89532EBD2AEC9B7B0003A204 /* QuoteAPIModel.swift in Sources */ = {isa = PBXBuildFile; fileRef = 89532EBC2AEC9B7B0003A204 /* QuoteAPIModel.swift */; };
		89532EC02AEED8420003A204 /* EmotionView.swift in Sources */ = {isa = PBXBuildFile; fileRef = 89532EBF2AEED8420003A204 /* EmotionView.swift */; };
		897D30C22AE460450003F588 /* BalanceApp.swift in Sources */ = {isa = PBXBuildFile; fileRef = 897D30C12AE460450003F588 /* BalanceApp.swift */; };
		897D30C42AE460450003F588 /* ContentView.swift in Sources */ = {isa = PBXBuildFile; fileRef = 897D30C32AE460450003F588 /* ContentView.swift */; };
		897D30C82AE460480003F588 /* Assets.xcassets in Resources */ = {isa = PBXBuildFile; fileRef = 897D30C72AE460480003F588 /* Assets.xcassets */; };
		897D30CB2AE460480003F588 /* Preview Assets.xcassets in Resources */ = {isa = PBXBuildFile; fileRef = 897D30CA2AE460480003F588 /* Preview Assets.xcassets */; };
		897D30D42AE4695E0003F588 /* JournalView.swift in Sources */ = {isa = PBXBuildFile; fileRef = 897D30D32AE4695E0003F588 /* JournalView.swift */; };
		897D30D62AE46C5C0003F588 /* DateFormatter.swift in Sources */ = {isa = PBXBuildFile; fileRef = 897D30D52AE46C5C0003F588 /* DateFormatter.swift */; };
		899FDFC32AF40A3C00A5F3DA /* RadioOptions.swift in Sources */ = {isa = PBXBuildFile; fileRef = 899FDFC22AF40A3C00A5F3DA /* RadioOptions.swift */; };
		89AC6B5C2B27A58200A00E36 /* HealthView.swift in Sources */ = {isa = PBXBuildFile; fileRef = 89AC6B5B2B27A58200A00E36 /* HealthView.swift */; };
		89AC6B5E2B28321400A00E36 /* Health.swift in Sources */ = {isa = PBXBuildFile; fileRef = 89AC6B5D2B28321400A00E36 /* Health.swift */; };
		89E251462AF2DD4500317457 /* UserReviewView.swift in Sources */ = {isa = PBXBuildFile; fileRef = 89E251452AF2DD4500317457 /* UserReviewView.swift */; };
		89F917B32AF6C718002AA3A1 /* RecipeView.swift in Sources */ = {isa = PBXBuildFile; fileRef = 89F917B22AF6C718002AA3A1 /* RecipeView.swift */; };
		89F917EF2AFB29A1002AA3A1 /* MealViewModel.swift in Sources */ = {isa = PBXBuildFile; fileRef = 89F917EE2AFB29A1002AA3A1 /* MealViewModel.swift */; };
		89F917F12AFB3388002AA3A1 /* RecipeAPI.swift in Sources */ = {isa = PBXBuildFile; fileRef = 89F917F02AFB3388002AA3A1 /* RecipeAPI.swift */; };
		89F917F32AFC3385002AA3A1 /* Cart.swift in Sources */ = {isa = PBXBuildFile; fileRef = 89F917F22AFC3384002AA3A1 /* Cart.swift */; };
		89F917F62AFC4F7F002AA3A1 /* ShoppingCartView.swift in Sources */ = {isa = PBXBuildFile; fileRef = 89F917F52AFC4F7F002AA3A1 /* ShoppingCartView.swift */; };
		89F9181E2B06B416002AA3A1 /* LoginFieldView.swift in Sources */ = {isa = PBXBuildFile; fileRef = 89F9181D2B06B416002AA3A1 /* LoginFieldView.swift */; };
		89F918202B06B9E2002AA3A1 /* LoginView.swift in Sources */ = {isa = PBXBuildFile; fileRef = 89F9181F2B06B9E2002AA3A1 /* LoginView.swift */; };
		89F918222B06CDD4002AA3A1 /* SignUpView.swift in Sources */ = {isa = PBXBuildFile; fileRef = 89F918212B06CDD4002AA3A1 /* SignUpView.swift */; };
		89F918252B070485002AA3A1 /* ProfileView.swift in Sources */ = {isa = PBXBuildFile; fileRef = 89F918242B070485002AA3A1 /* ProfileView.swift */; };
		89F918282B072856002AA3A1 /* User.swift in Sources */ = {isa = PBXBuildFile; fileRef = 89F918272B072856002AA3A1 /* User.swift */; };
		89F9182A2B072D47002AA3A1 /* GoogleService-Info.plist in Resources */ = {isa = PBXBuildFile; fileRef = 89F918292B072D47002AA3A1 /* GoogleService-Info.plist */; };
		89F9182D2B072FEA002AA3A1 /* FirebaseAnalytics in Frameworks */ = {isa = PBXBuildFile; productRef = 89F9182C2B072FEA002AA3A1 /* FirebaseAnalytics */; };
		89F9182F2B072FEA002AA3A1 /* FirebaseAnalyticsOnDeviceConversion in Frameworks */ = {isa = PBXBuildFile; productRef = 89F9182E2B072FEA002AA3A1 /* FirebaseAnalyticsOnDeviceConversion */; };
		89F918312B072FEA002AA3A1 /* FirebaseAnalyticsSwift in Frameworks */ = {isa = PBXBuildFile; productRef = 89F918302B072FEA002AA3A1 /* FirebaseAnalyticsSwift */; };
		89F918332B072FEA002AA3A1 /* FirebaseAnalyticsWithoutAdIdSupport in Frameworks */ = {isa = PBXBuildFile; productRef = 89F918322B072FEA002AA3A1 /* FirebaseAnalyticsWithoutAdIdSupport */; };
		89F918352B072FEA002AA3A1 /* FirebaseAppCheck in Frameworks */ = {isa = PBXBuildFile; productRef = 89F918342B072FEA002AA3A1 /* FirebaseAppCheck */; };
		89F918372B072FEA002AA3A1 /* FirebaseAppDistribution-Beta in Frameworks */ = {isa = PBXBuildFile; productRef = 89F918362B072FEA002AA3A1 /* FirebaseAppDistribution-Beta */; };
		89F918392B072FEA002AA3A1 /* FirebaseAuth in Frameworks */ = {isa = PBXBuildFile; productRef = 89F918382B072FEA002AA3A1 /* FirebaseAuth */; };
		89F9183B2B072FEA002AA3A1 /* FirebaseAuthCombine-Community in Frameworks */ = {isa = PBXBuildFile; productRef = 89F9183A2B072FEA002AA3A1 /* FirebaseAuthCombine-Community */; };
		89F9183D2B072FEA002AA3A1 /* FirebaseCrashlytics in Frameworks */ = {isa = PBXBuildFile; productRef = 89F9183C2B072FEA002AA3A1 /* FirebaseCrashlytics */; };
		89F9183F2B072FEB002AA3A1 /* FirebaseDatabase in Frameworks */ = {isa = PBXBuildFile; productRef = 89F9183E2B072FEB002AA3A1 /* FirebaseDatabase */; };
		89F918412B072FEB002AA3A1 /* FirebaseDatabaseSwift in Frameworks */ = {isa = PBXBuildFile; productRef = 89F918402B072FEB002AA3A1 /* FirebaseDatabaseSwift */; };
		89F918432B072FEB002AA3A1 /* FirebaseDynamicLinks in Frameworks */ = {isa = PBXBuildFile; productRef = 89F918422B072FEB002AA3A1 /* FirebaseDynamicLinks */; };
		89F918452B072FEB002AA3A1 /* FirebaseFirestore in Frameworks */ = {isa = PBXBuildFile; productRef = 89F918442B072FEB002AA3A1 /* FirebaseFirestore */; };
		89F918472B072FEB002AA3A1 /* FirebaseFirestoreCombine-Community in Frameworks */ = {isa = PBXBuildFile; productRef = 89F918462B072FEB002AA3A1 /* FirebaseFirestoreCombine-Community */; };
		89F918492B072FEB002AA3A1 /* FirebaseFirestoreSwift in Frameworks */ = {isa = PBXBuildFile; productRef = 89F918482B072FEB002AA3A1 /* FirebaseFirestoreSwift */; };
		89F9184B2B072FEB002AA3A1 /* FirebaseFunctions in Frameworks */ = {isa = PBXBuildFile; productRef = 89F9184A2B072FEB002AA3A1 /* FirebaseFunctions */; };
		89F9184D2B072FEB002AA3A1 /* FirebaseFunctionsCombine-Community in Frameworks */ = {isa = PBXBuildFile; productRef = 89F9184C2B072FEB002AA3A1 /* FirebaseFunctionsCombine-Community */; };
		89F9184F2B072FEB002AA3A1 /* FirebaseInAppMessaging-Beta in Frameworks */ = {isa = PBXBuildFile; productRef = 89F9184E2B072FEB002AA3A1 /* FirebaseInAppMessaging-Beta */; };
		89F918512B072FEB002AA3A1 /* FirebaseInAppMessagingSwift-Beta in Frameworks */ = {isa = PBXBuildFile; productRef = 89F918502B072FEB002AA3A1 /* FirebaseInAppMessagingSwift-Beta */; };
		89F918532B072FEB002AA3A1 /* FirebaseInstallations in Frameworks */ = {isa = PBXBuildFile; productRef = 89F918522B072FEB002AA3A1 /* FirebaseInstallations */; };
		89F918552B072FEB002AA3A1 /* FirebaseMLModelDownloader in Frameworks */ = {isa = PBXBuildFile; productRef = 89F918542B072FEB002AA3A1 /* FirebaseMLModelDownloader */; };
		89F918572B072FEB002AA3A1 /* FirebaseMessaging in Frameworks */ = {isa = PBXBuildFile; productRef = 89F918562B072FEB002AA3A1 /* FirebaseMessaging */; };
		89F918592B072FEB002AA3A1 /* FirebasePerformance in Frameworks */ = {isa = PBXBuildFile; productRef = 89F918582B072FEB002AA3A1 /* FirebasePerformance */; };
		89F9185B2B072FEB002AA3A1 /* FirebaseRemoteConfig in Frameworks */ = {isa = PBXBuildFile; productRef = 89F9185A2B072FEB002AA3A1 /* FirebaseRemoteConfig */; };
		89F9185D2B072FEB002AA3A1 /* FirebaseRemoteConfigSwift in Frameworks */ = {isa = PBXBuildFile; productRef = 89F9185C2B072FEB002AA3A1 /* FirebaseRemoteConfigSwift */; };
		89F9185F2B072FEB002AA3A1 /* FirebaseStorage in Frameworks */ = {isa = PBXBuildFile; productRef = 89F9185E2B072FEB002AA3A1 /* FirebaseStorage */; };
		89F918612B072FEB002AA3A1 /* FirebaseStorageCombine-Community in Frameworks */ = {isa = PBXBuildFile; productRef = 89F918602B072FEB002AA3A1 /* FirebaseStorageCombine-Community */; };
		89F918652B0743AE002AA3A1 /* AuthViewModel.swift in Sources */ = {isa = PBXBuildFile; fileRef = 89F918642B0743AE002AA3A1 /* AuthViewModel.swift */; };
/* End PBXBuildFile section */

/* Begin PBXFileReference section */
		89037D5E2B0D2959008D9965 /* Info.plist */ = {isa = PBXFileReference; lastKnownFileType = text.plist; path = Info.plist; sourceTree = "<group>"; };
		89037D5F2B0DA95D008D9965 /* PhotoLibraryManager.swift */ = {isa = PBXFileReference; lastKnownFileType = sourcecode.swift; path = PhotoLibraryManager.swift; sourceTree = "<group>"; };
		89160AFF2AE4E5B2004D63FB /* Notes.swift */ = {isa = PBXFileReference; lastKnownFileType = sourcecode.swift; name = Notes.swift; path = ../Journal/Notes.swift; sourceTree = "<group>"; };
		89160B032AE5D04E004D63FB /* ListJournalView.swift */ = {isa = PBXFileReference; lastKnownFileType = sourcecode.swift; path = ListJournalView.swift; sourceTree = "<group>"; };
		892AE12E2AF02080009F0139 /* TextEntryView.swift */ = {isa = PBXFileReference; lastKnownFileType = sourcecode.swift; path = TextEntryView.swift; sourceTree = "<group>"; };
		892AE1302AF02E59009F0139 /* ActivityEntryView.swift */ = {isa = PBXFileReference; lastKnownFileType = sourcecode.swift; path = ActivityEntryView.swift; sourceTree = "<group>"; };
		892AE1672AF186A3009F0139 /* UserMealView.swift */ = {isa = PBXFileReference; lastKnownFileType = sourcecode.swift; path = UserMealView.swift; sourceTree = "<group>"; };
		89532EBA2AEADE840003A204 /* QuoteCardView.swift */ = {isa = PBXFileReference; lastKnownFileType = sourcecode.swift; path = QuoteCardView.swift; sourceTree = "<group>"; };
		89532EBC2AEC9B7B0003A204 /* QuoteAPIModel.swift */ = {isa = PBXFileReference; lastKnownFileType = sourcecode.swift; path = QuoteAPIModel.swift; sourceTree = "<group>"; };
		89532EBF2AEED8420003A204 /* EmotionView.swift */ = {isa = PBXFileReference; lastKnownFileType = sourcecode.swift; path = EmotionView.swift; sourceTree = "<group>"; };
		897D30BE2AE460450003F588 /* Balance.app */ = {isa = PBXFileReference; explicitFileType = wrapper.application; includeInIndex = 0; path = Balance.app; sourceTree = BUILT_PRODUCTS_DIR; };
		897D30C12AE460450003F588 /* BalanceApp.swift */ = {isa = PBXFileReference; lastKnownFileType = sourcecode.swift; path = BalanceApp.swift; sourceTree = "<group>"; };
		897D30C32AE460450003F588 /* ContentView.swift */ = {isa = PBXFileReference; lastKnownFileType = sourcecode.swift; path = ContentView.swift; sourceTree = "<group>"; };
		897D30C72AE460480003F588 /* Assets.xcassets */ = {isa = PBXFileReference; lastKnownFileType = folder.assetcatalog; path = Assets.xcassets; sourceTree = "<group>"; };
		897D30CA2AE460480003F588 /* Preview Assets.xcassets */ = {isa = PBXFileReference; lastKnownFileType = folder.assetcatalog; path = "Preview Assets.xcassets"; sourceTree = "<group>"; };
		897D30D32AE4695E0003F588 /* JournalView.swift */ = {isa = PBXFileReference; lastKnownFileType = sourcecode.swift; path = JournalView.swift; sourceTree = "<group>"; };
		897D30D52AE46C5C0003F588 /* DateFormatter.swift */ = {isa = PBXFileReference; lastKnownFileType = sourcecode.swift; name = DateFormatter.swift; path = ../DateFormatter.swift; sourceTree = "<group>"; };
		899FDFC22AF40A3C00A5F3DA /* RadioOptions.swift */ = {isa = PBXFileReference; lastKnownFileType = sourcecode.swift; path = RadioOptions.swift; sourceTree = "<group>"; };
		89AC6B5B2B27A58200A00E36 /* HealthView.swift */ = {isa = PBXFileReference; lastKnownFileType = sourcecode.swift; name = HealthView.swift; path = ../../../../../Documents/HealthView.swift; sourceTree = "<group>"; };
		89AC6B5D2B28321400A00E36 /* Health.swift */ = {isa = PBXFileReference; lastKnownFileType = sourcecode.swift; path = Health.swift; sourceTree = "<group>"; };
		89E251452AF2DD4500317457 /* UserReviewView.swift */ = {isa = PBXFileReference; lastKnownFileType = sourcecode.swift; path = UserReviewView.swift; sourceTree = "<group>"; };
		89F917B22AF6C718002AA3A1 /* RecipeView.swift */ = {isa = PBXFileReference; lastKnownFileType = sourcecode.swift; path = RecipeView.swift; sourceTree = "<group>"; };
		89F917EE2AFB29A1002AA3A1 /* MealViewModel.swift */ = {isa = PBXFileReference; lastKnownFileType = sourcecode.swift; path = MealViewModel.swift; sourceTree = "<group>"; };
		89F917F02AFB3388002AA3A1 /* RecipeAPI.swift */ = {isa = PBXFileReference; lastKnownFileType = sourcecode.swift; path = RecipeAPI.swift; sourceTree = "<group>"; };
		89F917F22AFC3384002AA3A1 /* Cart.swift */ = {isa = PBXFileReference; lastKnownFileType = sourcecode.swift; path = Cart.swift; sourceTree = "<group>"; };
		89F917F52AFC4F7F002AA3A1 /* ShoppingCartView.swift */ = {isa = PBXFileReference; lastKnownFileType = sourcecode.swift; path = ShoppingCartView.swift; sourceTree = "<group>"; };
		89F9181D2B06B416002AA3A1 /* LoginFieldView.swift */ = {isa = PBXFileReference; lastKnownFileType = sourcecode.swift; path = LoginFieldView.swift; sourceTree = "<group>"; };
		89F9181F2B06B9E2002AA3A1 /* LoginView.swift */ = {isa = PBXFileReference; lastKnownFileType = sourcecode.swift; path = LoginView.swift; sourceTree = "<group>"; };
		89F918212B06CDD4002AA3A1 /* SignUpView.swift */ = {isa = PBXFileReference; lastKnownFileType = sourcecode.swift; path = SignUpView.swift; sourceTree = "<group>"; };
		89F918242B070485002AA3A1 /* ProfileView.swift */ = {isa = PBXFileReference; lastKnownFileType = sourcecode.swift; path = ProfileView.swift; sourceTree = "<group>"; };
		89F918272B072856002AA3A1 /* User.swift */ = {isa = PBXFileReference; lastKnownFileType = sourcecode.swift; path = User.swift; sourceTree = "<group>"; };
		89F918292B072D47002AA3A1 /* GoogleService-Info.plist */ = {isa = PBXFileReference; fileEncoding = 4; lastKnownFileType = text.plist.xml; path = "GoogleService-Info.plist"; sourceTree = "<group>"; };
		89F918642B0743AE002AA3A1 /* AuthViewModel.swift */ = {isa = PBXFileReference; lastKnownFileType = sourcecode.swift; path = AuthViewModel.swift; sourceTree = "<group>"; };
/* End PBXFileReference section */

/* Begin PBXFrameworksBuildPhase section */
		897D30BB2AE460450003F588 /* Frameworks */ = {
			isa = PBXFrameworksBuildPhase;
			buildActionMask = 2147483647;
			files = (
				89F9183F2B072FEB002AA3A1 /* FirebaseDatabase in Frameworks */,
				89F9184D2B072FEB002AA3A1 /* FirebaseFunctionsCombine-Community in Frameworks */,
				89F918452B072FEB002AA3A1 /* FirebaseFirestore in Frameworks */,
				89F918312B072FEA002AA3A1 /* FirebaseAnalyticsSwift in Frameworks */,
				89F9182D2B072FEA002AA3A1 /* FirebaseAnalytics in Frameworks */,
				89F9182F2B072FEA002AA3A1 /* FirebaseAnalyticsOnDeviceConversion in Frameworks */,
				89F918552B072FEB002AA3A1 /* FirebaseMLModelDownloader in Frameworks */,
				89F918492B072FEB002AA3A1 /* FirebaseFirestoreSwift in Frameworks */,
				89F918352B072FEA002AA3A1 /* FirebaseAppCheck in Frameworks */,
				89F918332B072FEA002AA3A1 /* FirebaseAnalyticsWithoutAdIdSupport in Frameworks */,
				89F918392B072FEA002AA3A1 /* FirebaseAuth in Frameworks */,
				89F9183D2B072FEA002AA3A1 /* FirebaseCrashlytics in Frameworks */,
				89F9185D2B072FEB002AA3A1 /* FirebaseRemoteConfigSwift in Frameworks */,
				89F9184F2B072FEB002AA3A1 /* FirebaseInAppMessaging-Beta in Frameworks */,
				89F918412B072FEB002AA3A1 /* FirebaseDatabaseSwift in Frameworks */,
				89F9184B2B072FEB002AA3A1 /* FirebaseFunctions in Frameworks */,
				89F918612B072FEB002AA3A1 /* FirebaseStorageCombine-Community in Frameworks */,
				89F9185B2B072FEB002AA3A1 /* FirebaseRemoteConfig in Frameworks */,
				89F918372B072FEA002AA3A1 /* FirebaseAppDistribution-Beta in Frameworks */,
				89F9183B2B072FEA002AA3A1 /* FirebaseAuthCombine-Community in Frameworks */,
				89F918592B072FEB002AA3A1 /* FirebasePerformance in Frameworks */,
				89F918512B072FEB002AA3A1 /* FirebaseInAppMessagingSwift-Beta in Frameworks */,
				89F9185F2B072FEB002AA3A1 /* FirebaseStorage in Frameworks */,
				89F918432B072FEB002AA3A1 /* FirebaseDynamicLinks in Frameworks */,
				89F918472B072FEB002AA3A1 /* FirebaseFirestoreCombine-Community in Frameworks */,
				89F918572B072FEB002AA3A1 /* FirebaseMessaging in Frameworks */,
				89F918532B072FEB002AA3A1 /* FirebaseInstallations in Frameworks */,
			);
			runOnlyForDeploymentPostprocessing = 0;
		};
/* End PBXFrameworksBuildPhase section */

/* Begin PBXGroup section */
		89160AFD2AE4E56B004D63FB /* Journal */ = {
			isa = PBXGroup;
			children = (
				899FDFC22AF40A3C00A5F3DA /* RadioOptions.swift */,
				89532EB92AEADE600003A204 /* Quote */,
				897D30D32AE4695E0003F588 /* JournalView.swift */,
				89532EBE2AEED2310003A204 /* QuestionViews */,
				89160B032AE5D04E004D63FB /* ListJournalView.swift */,
			);
			path = Journal;
			sourceTree = "<group>";
		};
		892AE1662AF18256009F0139 /* Meal Diary */ = {
			isa = PBXGroup;
			children = (
				89F917F02AFB3388002AA3A1 /* RecipeAPI.swift */,
				89F917EE2AFB29A1002AA3A1 /* MealViewModel.swift */,
				89F917F22AFC3384002AA3A1 /* Cart.swift */,
				89F917F42AFC48BF002AA3A1 /* Views */,
			);
			path = "Meal Diary";
			sourceTree = "<group>";
		};
		89532EB92AEADE600003A204 /* Quote */ = {
			isa = PBXGroup;
			children = (
				89532EBA2AEADE840003A204 /* QuoteCardView.swift */,
				89532EBC2AEC9B7B0003A204 /* QuoteAPIModel.swift */,
			);
			path = Quote;
			sourceTree = "<group>";
		};
		89532EBE2AEED2310003A204 /* QuestionViews */ = {
			isa = PBXGroup;
			children = (
				89532EBF2AEED8420003A204 /* EmotionView.swift */,
				892AE1302AF02E59009F0139 /* ActivityEntryView.swift */,
				892AE12E2AF02080009F0139 /* TextEntryView.swift */,
				89E251452AF2DD4500317457 /* UserReviewView.swift */,
			);
			path = QuestionViews;
			sourceTree = "<group>";
		};
		897D30B52AE460450003F588 = {
			isa = PBXGroup;
			children = (
				897D30C02AE460450003F588 /* Balance */,
				897D30BF2AE460450003F588 /* Products */,
			);
			sourceTree = "<group>";
		};
		897D30BF2AE460450003F588 /* Products */ = {
			isa = PBXGroup;
			children = (
				897D30BE2AE460450003F588 /* Balance.app */,
			);
			name = Products;
			sourceTree = "<group>";
		};
		897D30C02AE460450003F588 /* Balance */ = {
			isa = PBXGroup;
			children = (
				89037D5E2B0D2959008D9965 /* Info.plist */,
				897D30C12AE460450003F588 /* BalanceApp.swift */,
				897D30C32AE460450003F588 /* ContentView.swift */,
				89F918292B072D47002AA3A1 /* GoogleService-Info.plist */,
				89F918622B07434E002AA3A1 /* Authentication */,
				89F918262B072844002AA3A1 /* Models */,
				89F918232B070467002AA3A1 /* Settings */,
				89AC6B5A2B27A55A00A00E36 /* Health */,
				892AE1662AF18256009F0139 /* Meal Diary */,
				89160AFD2AE4E56B004D63FB /* Journal */,
				897D30C72AE460480003F588 /* Assets.xcassets */,
				897D30C92AE460480003F588 /* Preview Content */,
			);
			path = Balance;
			sourceTree = "<group>";
		};
		897D30C92AE460480003F588 /* Preview Content */ = {
			isa = PBXGroup;
			children = (
				897D30CA2AE460480003F588 /* Preview Assets.xcassets */,
			);
			path = "Preview Content";
			sourceTree = "<group>";
		};
		89AC6B5A2B27A55A00A00E36 /* Health */ = {
			isa = PBXGroup;
			children = (
				89AC6B5B2B27A58200A00E36 /* HealthView.swift */,
			);
			path = Health;
			sourceTree = "<group>";
		};
		89F917F42AFC48BF002AA3A1 /* Views */ = {
			isa = PBXGroup;
			children = (
				892AE1672AF186A3009F0139 /* UserMealView.swift */,
				89F917B22AF6C718002AA3A1 /* RecipeView.swift */,
				89F917F52AFC4F7F002AA3A1 /* ShoppingCartView.swift */,
			);
			path = Views;
			sourceTree = "<group>";
		};
		89F9181C2B06B3E1002AA3A1 /* LoginView */ = {
			isa = PBXGroup;
			children = (
				89F9181D2B06B416002AA3A1 /* LoginFieldView.swift */,
				89F9181F2B06B9E2002AA3A1 /* LoginView.swift */,
				89F918212B06CDD4002AA3A1 /* SignUpView.swift */,
			);
			path = LoginView;
			sourceTree = "<group>";
		};
		89F918232B070467002AA3A1 /* Settings */ = {
			isa = PBXGroup;
			children = (
				89F918242B070485002AA3A1 /* ProfileView.swift */,
				89037D5F2B0DA95D008D9965 /* PhotoLibraryManager.swift */,
			);
			path = Settings;
			sourceTree = "<group>";
		};
		89F918262B072844002AA3A1 /* Models */ = {
			isa = PBXGroup;
			children = (
				897D30D52AE46C5C0003F588 /* DateFormatter.swift */,
				89160AFF2AE4E5B2004D63FB /* Notes.swift */,
				89F918272B072856002AA3A1 /* User.swift */,
				89AC6B5D2B28321400A00E36 /* Health.swift */,
			);
			path = Models;
			sourceTree = "<group>";
		};
		89F918622B07434E002AA3A1 /* Authentication */ = {
			isa = PBXGroup;
			children = (
				89F918632B074391002AA3A1 /* ViewModel */,
				89F9181C2B06B3E1002AA3A1 /* LoginView */,
			);
			path = Authentication;
			sourceTree = "<group>";
		};
		89F918632B074391002AA3A1 /* ViewModel */ = {
			isa = PBXGroup;
			children = (
				89F918642B0743AE002AA3A1 /* AuthViewModel.swift */,
			);
			path = ViewModel;
			sourceTree = "<group>";
		};
/* End PBXGroup section */

/* Begin PBXNativeTarget section */
		897D30BD2AE460450003F588 /* Balance */ = {
			isa = PBXNativeTarget;
			buildConfigurationList = 897D30CE2AE460480003F588 /* Build configuration list for PBXNativeTarget "Balance" */;
			buildPhases = (
				897D30BA2AE460450003F588 /* Sources */,
				897D30BB2AE460450003F588 /* Frameworks */,
				897D30BC2AE460450003F588 /* Resources */,
			);
			buildRules = (
			);
			dependencies = (
			);
			name = Balance;
			packageProductDependencies = (
				89F9182C2B072FEA002AA3A1 /* FirebaseAnalytics */,
				89F9182E2B072FEA002AA3A1 /* FirebaseAnalyticsOnDeviceConversion */,
				89F918302B072FEA002AA3A1 /* FirebaseAnalyticsSwift */,
				89F918322B072FEA002AA3A1 /* FirebaseAnalyticsWithoutAdIdSupport */,
				89F918342B072FEA002AA3A1 /* FirebaseAppCheck */,
				89F918362B072FEA002AA3A1 /* FirebaseAppDistribution-Beta */,
				89F918382B072FEA002AA3A1 /* FirebaseAuth */,
				89F9183A2B072FEA002AA3A1 /* FirebaseAuthCombine-Community */,
				89F9183C2B072FEA002AA3A1 /* FirebaseCrashlytics */,
				89F9183E2B072FEB002AA3A1 /* FirebaseDatabase */,
				89F918402B072FEB002AA3A1 /* FirebaseDatabaseSwift */,
				89F918422B072FEB002AA3A1 /* FirebaseDynamicLinks */,
				89F918442B072FEB002AA3A1 /* FirebaseFirestore */,
				89F918462B072FEB002AA3A1 /* FirebaseFirestoreCombine-Community */,
				89F918482B072FEB002AA3A1 /* FirebaseFirestoreSwift */,
				89F9184A2B072FEB002AA3A1 /* FirebaseFunctions */,
				89F9184C2B072FEB002AA3A1 /* FirebaseFunctionsCombine-Community */,
				89F9184E2B072FEB002AA3A1 /* FirebaseInAppMessaging-Beta */,
				89F918502B072FEB002AA3A1 /* FirebaseInAppMessagingSwift-Beta */,
				89F918522B072FEB002AA3A1 /* FirebaseInstallations */,
				89F918542B072FEB002AA3A1 /* FirebaseMLModelDownloader */,
				89F918562B072FEB002AA3A1 /* FirebaseMessaging */,
				89F918582B072FEB002AA3A1 /* FirebasePerformance */,
				89F9185A2B072FEB002AA3A1 /* FirebaseRemoteConfig */,
				89F9185C2B072FEB002AA3A1 /* FirebaseRemoteConfigSwift */,
				89F9185E2B072FEB002AA3A1 /* FirebaseStorage */,
				89F918602B072FEB002AA3A1 /* FirebaseStorageCombine-Community */,
			);
			productName = Balance;
			productReference = 897D30BE2AE460450003F588 /* Balance.app */;
			productType = "com.apple.product-type.application";
		};
/* End PBXNativeTarget section */

/* Begin PBXProject section */
		897D30B62AE460450003F588 /* Project object */ = {
			isa = PBXProject;
			attributes = {
				BuildIndependentTargetsInParallel = 1;
				LastSwiftUpdateCheck = 1500;
				LastUpgradeCheck = 1500;
				TargetAttributes = {
					897D30BD2AE460450003F588 = {
						CreatedOnToolsVersion = 15.0;
					};
				};
			};
			buildConfigurationList = 897D30B92AE460450003F588 /* Build configuration list for PBXProject "Balance" */;
			compatibilityVersion = "Xcode 14.0";
			developmentRegion = en;
			hasScannedForEncodings = 0;
			knownRegions = (
				en,
				Base,
			);
			mainGroup = 897D30B52AE460450003F588;
			packageReferences = (
				89F9182B2B072FEA002AA3A1 /* XCRemoteSwiftPackageReference "firebase-ios-sdk" */,
			);
			productRefGroup = 897D30BF2AE460450003F588 /* Products */;
			projectDirPath = "";
			projectRoot = "";
			targets = (
				897D30BD2AE460450003F588 /* Balance */,
			);
		};
/* End PBXProject section */

/* Begin PBXResourcesBuildPhase section */
		897D30BC2AE460450003F588 /* Resources */ = {
			isa = PBXResourcesBuildPhase;
			buildActionMask = 2147483647;
			files = (
				897D30CB2AE460480003F588 /* Preview Assets.xcassets in Resources */,
				897D30C82AE460480003F588 /* Assets.xcassets in Resources */,
				89F9182A2B072D47002AA3A1 /* GoogleService-Info.plist in Resources */,
			);
			runOnlyForDeploymentPostprocessing = 0;
		};
/* End PBXResourcesBuildPhase section */

/* Begin PBXSourcesBuildPhase section */
		897D30BA2AE460450003F588 /* Sources */ = {
			isa = PBXSourcesBuildPhase;
			buildActionMask = 2147483647;
			files = (
				89532EC02AEED8420003A204 /* EmotionView.swift in Sources */,
				897D30C42AE460450003F588 /* ContentView.swift in Sources */,
				89160B002AE4E5B2004D63FB /* Notes.swift in Sources */,
				89F917F62AFC4F7F002AA3A1 /* ShoppingCartView.swift in Sources */,
				89F918652B0743AE002AA3A1 /* AuthViewModel.swift in Sources */,
				892AE1682AF186A3009F0139 /* UserMealView.swift in Sources */,
				89160B042AE5D04E004D63FB /* ListJournalView.swift in Sources */,
				89532EBB2AEADE840003A204 /* QuoteCardView.swift in Sources */,
				89F9181E2B06B416002AA3A1 /* LoginFieldView.swift in Sources */,
				89532EBD2AEC9B7B0003A204 /* QuoteAPIModel.swift in Sources */,
				89037D602B0DA95D008D9965 /* PhotoLibraryManager.swift in Sources */,
				897D30D42AE4695E0003F588 /* JournalView.swift in Sources */,
				899FDFC32AF40A3C00A5F3DA /* RadioOptions.swift in Sources */,
				89F917F32AFC3385002AA3A1 /* Cart.swift in Sources */,
				89F917EF2AFB29A1002AA3A1 /* MealViewModel.swift in Sources */,
				89AC6B5C2B27A58200A00E36 /* HealthView.swift in Sources */,
				89F917F12AFB3388002AA3A1 /* RecipeAPI.swift in Sources */,
				89F917B32AF6C718002AA3A1 /* RecipeView.swift in Sources */,
				89F918202B06B9E2002AA3A1 /* LoginView.swift in Sources */,
				89F918222B06CDD4002AA3A1 /* SignUpView.swift in Sources */,
				89F918252B070485002AA3A1 /* ProfileView.swift in Sources */,
				89E251462AF2DD4500317457 /* UserReviewView.swift in Sources */,
				892AE1312AF02E59009F0139 /* ActivityEntryView.swift in Sources */,
				89F918282B072856002AA3A1 /* User.swift in Sources */,
				897D30C22AE460450003F588 /* BalanceApp.swift in Sources */,
				89AC6B5E2B28321400A00E36 /* Health.swift in Sources */,
				897D30D62AE46C5C0003F588 /* DateFormatter.swift in Sources */,
				892AE12F2AF02080009F0139 /* TextEntryView.swift in Sources */,
			);
			runOnlyForDeploymentPostprocessing = 0;
		};
/* End PBXSourcesBuildPhase section */

/* Begin XCBuildConfiguration section */
		897D30CC2AE460480003F588 /* Debug */ = {
			isa = XCBuildConfiguration;
			buildSettings = {
				ALWAYS_SEARCH_USER_PATHS = NO;
				ASSETCATALOG_COMPILER_GENERATE_SWIFT_ASSET_SYMBOL_EXTENSIONS = YES;
				CLANG_ANALYZER_NONNULL = YES;
				CLANG_ANALYZER_NUMBER_OBJECT_CONVERSION = YES_AGGRESSIVE;
				CLANG_CXX_LANGUAGE_STANDARD = "gnu++20";
				CLANG_ENABLE_MODULES = YES;
				CLANG_ENABLE_OBJC_ARC = YES;
				CLANG_ENABLE_OBJC_WEAK = YES;
				CLANG_WARN_BLOCK_CAPTURE_AUTORELEASING = YES;
				CLANG_WARN_BOOL_CONVERSION = YES;
				CLANG_WARN_COMMA = YES;
				CLANG_WARN_CONSTANT_CONVERSION = YES;
				CLANG_WARN_DEPRECATED_OBJC_IMPLEMENTATIONS = YES;
				CLANG_WARN_DIRECT_OBJC_ISA_USAGE = YES_ERROR;
				CLANG_WARN_DOCUMENTATION_COMMENTS = YES;
				CLANG_WARN_EMPTY_BODY = YES;
				CLANG_WARN_ENUM_CONVERSION = YES;
				CLANG_WARN_INFINITE_RECURSION = YES;
				CLANG_WARN_INT_CONVERSION = YES;
				CLANG_WARN_NON_LITERAL_NULL_CONVERSION = YES;
				CLANG_WARN_OBJC_IMPLICIT_RETAIN_SELF = YES;
				CLANG_WARN_OBJC_LITERAL_CONVERSION = YES;
				CLANG_WARN_OBJC_ROOT_CLASS = YES_ERROR;
				CLANG_WARN_QUOTED_INCLUDE_IN_FRAMEWORK_HEADER = YES;
				CLANG_WARN_RANGE_LOOP_ANALYSIS = YES;
				CLANG_WARN_STRICT_PROTOTYPES = YES;
				CLANG_WARN_SUSPICIOUS_MOVE = YES;
				CLANG_WARN_UNGUARDED_AVAILABILITY = YES_AGGRESSIVE;
				CLANG_WARN_UNREACHABLE_CODE = YES;
				CLANG_WARN__DUPLICATE_METHOD_MATCH = YES;
				COPY_PHASE_STRIP = NO;
				DEBUG_INFORMATION_FORMAT = dwarf;
				ENABLE_STRICT_OBJC_MSGSEND = YES;
				ENABLE_TESTABILITY = YES;
				ENABLE_USER_SCRIPT_SANDBOXING = YES;
				GCC_C_LANGUAGE_STANDARD = gnu17;
				GCC_DYNAMIC_NO_PIC = NO;
				GCC_NO_COMMON_BLOCKS = YES;
				GCC_OPTIMIZATION_LEVEL = 0;
				GCC_PREPROCESSOR_DEFINITIONS = (
					"DEBUG=1",
					"$(inherited)",
				);
				GCC_WARN_64_TO_32_BIT_CONVERSION = YES;
				GCC_WARN_ABOUT_RETURN_TYPE = YES_ERROR;
				GCC_WARN_UNDECLARED_SELECTOR = YES;
				GCC_WARN_UNINITIALIZED_AUTOS = YES_AGGRESSIVE;
				GCC_WARN_UNUSED_FUNCTION = YES;
				GCC_WARN_UNUSED_VARIABLE = YES;
				IPHONEOS_DEPLOYMENT_TARGET = 17.0;
				LOCALIZATION_PREFERS_STRING_CATALOGS = YES;
				MTL_ENABLE_DEBUG_INFO = INCLUDE_SOURCE;
				MTL_FAST_MATH = YES;
				ONLY_ACTIVE_ARCH = YES;
				SDKROOT = iphoneos;
				SWIFT_ACTIVE_COMPILATION_CONDITIONS = "DEBUG $(inherited)";
				SWIFT_OPTIMIZATION_LEVEL = "-Onone";
			};
			name = Debug;
		};
		897D30CD2AE460480003F588 /* Release */ = {
			isa = XCBuildConfiguration;
			buildSettings = {
				ALWAYS_SEARCH_USER_PATHS = NO;
				ASSETCATALOG_COMPILER_GENERATE_SWIFT_ASSET_SYMBOL_EXTENSIONS = YES;
				CLANG_ANALYZER_NONNULL = YES;
				CLANG_ANALYZER_NUMBER_OBJECT_CONVERSION = YES_AGGRESSIVE;
				CLANG_CXX_LANGUAGE_STANDARD = "gnu++20";
				CLANG_ENABLE_MODULES = YES;
				CLANG_ENABLE_OBJC_ARC = YES;
				CLANG_ENABLE_OBJC_WEAK = YES;
				CLANG_WARN_BLOCK_CAPTURE_AUTORELEASING = YES;
				CLANG_WARN_BOOL_CONVERSION = YES;
				CLANG_WARN_COMMA = YES;
				CLANG_WARN_CONSTANT_CONVERSION = YES;
				CLANG_WARN_DEPRECATED_OBJC_IMPLEMENTATIONS = YES;
				CLANG_WARN_DIRECT_OBJC_ISA_USAGE = YES_ERROR;
				CLANG_WARN_DOCUMENTATION_COMMENTS = YES;
				CLANG_WARN_EMPTY_BODY = YES;
				CLANG_WARN_ENUM_CONVERSION = YES;
				CLANG_WARN_INFINITE_RECURSION = YES;
				CLANG_WARN_INT_CONVERSION = YES;
				CLANG_WARN_NON_LITERAL_NULL_CONVERSION = YES;
				CLANG_WARN_OBJC_IMPLICIT_RETAIN_SELF = YES;
				CLANG_WARN_OBJC_LITERAL_CONVERSION = YES;
				CLANG_WARN_OBJC_ROOT_CLASS = YES_ERROR;
				CLANG_WARN_QUOTED_INCLUDE_IN_FRAMEWORK_HEADER = YES;
				CLANG_WARN_RANGE_LOOP_ANALYSIS = YES;
				CLANG_WARN_STRICT_PROTOTYPES = YES;
				CLANG_WARN_SUSPICIOUS_MOVE = YES;
				CLANG_WARN_UNGUARDED_AVAILABILITY = YES_AGGRESSIVE;
				CLANG_WARN_UNREACHABLE_CODE = YES;
				CLANG_WARN__DUPLICATE_METHOD_MATCH = YES;
				COPY_PHASE_STRIP = NO;
				DEBUG_INFORMATION_FORMAT = "dwarf-with-dsym";
				ENABLE_NS_ASSERTIONS = NO;
				ENABLE_STRICT_OBJC_MSGSEND = YES;
				ENABLE_USER_SCRIPT_SANDBOXING = YES;
				GCC_C_LANGUAGE_STANDARD = gnu17;
				GCC_NO_COMMON_BLOCKS = YES;
				GCC_WARN_64_TO_32_BIT_CONVERSION = YES;
				GCC_WARN_ABOUT_RETURN_TYPE = YES_ERROR;
				GCC_WARN_UNDECLARED_SELECTOR = YES;
				GCC_WARN_UNINITIALIZED_AUTOS = YES_AGGRESSIVE;
				GCC_WARN_UNUSED_FUNCTION = YES;
				GCC_WARN_UNUSED_VARIABLE = YES;
				IPHONEOS_DEPLOYMENT_TARGET = 17.0;
				LOCALIZATION_PREFERS_STRING_CATALOGS = YES;
				MTL_ENABLE_DEBUG_INFO = NO;
				MTL_FAST_MATH = YES;
				SDKROOT = iphoneos;
				SWIFT_COMPILATION_MODE = wholemodule;
				VALIDATE_PRODUCT = YES;
			};
			name = Release;
		};
		897D30CF2AE460480003F588 /* Debug */ = {
			isa = XCBuildConfiguration;
			buildSettings = {
				ASSETCATALOG_COMPILER_APPICON_NAME = AppIcon;
				ASSETCATALOG_COMPILER_GLOBAL_ACCENT_COLOR_NAME = AccentColor;
				CODE_SIGN_STYLE = Automatic;
				CURRENT_PROJECT_VERSION = 1;
				DEVELOPMENT_ASSET_PATHS = "\"Balance/Preview Content\"";
				DEVELOPMENT_TEAM = TT58XSC547;
				ENABLE_PREVIEWS = YES;
				GENERATE_INFOPLIST_FILE = YES;
				INFOPLIST_FILE = Balance/Info.plist;
				INFOPLIST_KEY_LSApplicationCategoryType = "public.app-category.healthcare-fitness";
				INFOPLIST_KEY_NSHealthShareUsageDescription = "Balance needs to access to your health data to track step activity.";
				INFOPLIST_KEY_NSMotionUsageDescription = "Balance needs to access to your health data to track step activity";
				INFOPLIST_KEY_NSPhotoLibraryUsageDescription = "Balance needs access to your photo library to allow you to choose a profile picture and to add images to your notes. Your photos will only be used to enhance your app experience.";
				INFOPLIST_KEY_UIApplicationSceneManifest_Generation = YES;
				INFOPLIST_KEY_UIApplicationSupportsIndirectInputEvents = YES;
				INFOPLIST_KEY_UILaunchScreen_Generation = YES;
				INFOPLIST_KEY_UISupportedInterfaceOrientations = "UIInterfaceOrientationPortrait UIInterfaceOrientationPortraitUpsideDown";
				INFOPLIST_KEY_UISupportedInterfaceOrientations_iPad = "UIInterfaceOrientationLandscapeLeft UIInterfaceOrientationLandscapeRight UIInterfaceOrientationPortrait UIInterfaceOrientationPortraitUpsideDown";
				LD_RUNPATH_SEARCH_PATHS = (
					"$(inherited)",
					"@executable_path/Frameworks",
				);
				MARKETING_VERSION = 1.0;
				PRODUCT_BUNDLE_IDENTIFIER = com.yanika.Balance;
				PRODUCT_NAME = "$(TARGET_NAME)";
				SWIFT_EMIT_LOC_STRINGS = YES;
				SWIFT_VERSION = 5.0;
				TARGETED_DEVICE_FAMILY = "1,2";
			};
			name = Debug;
		};
		897D30D02AE460480003F588 /* Release */ = {
			isa = XCBuildConfiguration;
			buildSettings = {
				ASSETCATALOG_COMPILER_APPICON_NAME = AppIcon;
				ASSETCATALOG_COMPILER_GLOBAL_ACCENT_COLOR_NAME = AccentColor;
				CODE_SIGN_STYLE = Automatic;
				CURRENT_PROJECT_VERSION = 1;
				DEVELOPMENT_ASSET_PATHS = "\"Balance/Preview Content\"";
				DEVELOPMENT_TEAM = TT58XSC547;
				ENABLE_PREVIEWS = YES;
				GENERATE_INFOPLIST_FILE = YES;
				INFOPLIST_FILE = Balance/Info.plist;
				INFOPLIST_KEY_LSApplicationCategoryType = "public.app-category.healthcare-fitness";
				INFOPLIST_KEY_NSHealthShareUsageDescription = "Balance needs to access to your health data to track step activity.";
				INFOPLIST_KEY_NSMotionUsageDescription = "Balance needs to access to your health data to track step activity";
				INFOPLIST_KEY_NSPhotoLibraryUsageDescription = "Balance needs access to your photo library to allow you to choose a profile picture and to add images to your notes. Your photos will only be used to enhance your app experience.";
				INFOPLIST_KEY_UIApplicationSceneManifest_Generation = YES;
				INFOPLIST_KEY_UIApplicationSupportsIndirectInputEvents = YES;
				INFOPLIST_KEY_UILaunchScreen_Generation = YES;
				INFOPLIST_KEY_UISupportedInterfaceOrientations = "UIInterfaceOrientationPortrait UIInterfaceOrientationPortraitUpsideDown";
				INFOPLIST_KEY_UISupportedInterfaceOrientations_iPad = "UIInterfaceOrientationLandscapeLeft UIInterfaceOrientationLandscapeRight UIInterfaceOrientationPortrait UIInterfaceOrientationPortraitUpsideDown";
				LD_RUNPATH_SEARCH_PATHS = (
					"$(inherited)",
					"@executable_path/Frameworks",
				);
				MARKETING_VERSION = 1.0;
				PRODUCT_BUNDLE_IDENTIFIER = com.yanika.Balance;
				PRODUCT_NAME = "$(TARGET_NAME)";
				SWIFT_EMIT_LOC_STRINGS = YES;
				SWIFT_VERSION = 5.0;
				TARGETED_DEVICE_FAMILY = "1,2";
			};
			name = Release;
		};
/* End XCBuildConfiguration section */

/* Begin XCConfigurationList section */
		897D30B92AE460450003F588 /* Build configuration list for PBXProject "Balance" */ = {
			isa = XCConfigurationList;
			buildConfigurations = (
				897D30CC2AE460480003F588 /* Debug */,
				897D30CD2AE460480003F588 /* Release */,
			);
			defaultConfigurationIsVisible = 0;
			defaultConfigurationName = Release;
		};
		897D30CE2AE460480003F588 /* Build configuration list for PBXNativeTarget "Balance" */ = {
			isa = XCConfigurationList;
			buildConfigurations = (
				897D30CF2AE460480003F588 /* Debug */,
				897D30D02AE460480003F588 /* Release */,
			);
			defaultConfigurationIsVisible = 0;
			defaultConfigurationName = Release;
		};
/* End XCConfigurationList section */

/* Begin XCRemoteSwiftPackageReference section */
		89F9182B2B072FEA002AA3A1 /* XCRemoteSwiftPackageReference "firebase-ios-sdk" */ = {
			isa = XCRemoteSwiftPackageReference;
			repositoryURL = "https://github.com/firebase/firebase-ios-sdk";
			requirement = {
				kind = upToNextMajorVersion;
				minimumVersion = 10.18.0;
			};
		};
/* End XCRemoteSwiftPackageReference section */

/* Begin XCSwiftPackageProductDependency section */
		89F9182C2B072FEA002AA3A1 /* FirebaseAnalytics */ = {
			isa = XCSwiftPackageProductDependency;
			package = 89F9182B2B072FEA002AA3A1 /* XCRemoteSwiftPackageReference "firebase-ios-sdk" */;
			productName = FirebaseAnalytics;
		};
		89F9182E2B072FEA002AA3A1 /* FirebaseAnalyticsOnDeviceConversion */ = {
			isa = XCSwiftPackageProductDependency;
			package = 89F9182B2B072FEA002AA3A1 /* XCRemoteSwiftPackageReference "firebase-ios-sdk" */;
			productName = FirebaseAnalyticsOnDeviceConversion;
		};
		89F918302B072FEA002AA3A1 /* FirebaseAnalyticsSwift */ = {
			isa = XCSwiftPackageProductDependency;
			package = 89F9182B2B072FEA002AA3A1 /* XCRemoteSwiftPackageReference "firebase-ios-sdk" */;
			productName = FirebaseAnalyticsSwift;
		};
		89F918322B072FEA002AA3A1 /* FirebaseAnalyticsWithoutAdIdSupport */ = {
			isa = XCSwiftPackageProductDependency;
			package = 89F9182B2B072FEA002AA3A1 /* XCRemoteSwiftPackageReference "firebase-ios-sdk" */;
			productName = FirebaseAnalyticsWithoutAdIdSupport;
		};
		89F918342B072FEA002AA3A1 /* FirebaseAppCheck */ = {
			isa = XCSwiftPackageProductDependency;
			package = 89F9182B2B072FEA002AA3A1 /* XCRemoteSwiftPackageReference "firebase-ios-sdk" */;
			productName = FirebaseAppCheck;
		};
		89F918362B072FEA002AA3A1 /* FirebaseAppDistribution-Beta */ = {
			isa = XCSwiftPackageProductDependency;
			package = 89F9182B2B072FEA002AA3A1 /* XCRemoteSwiftPackageReference "firebase-ios-sdk" */;
			productName = "FirebaseAppDistribution-Beta";
		};
		89F918382B072FEA002AA3A1 /* FirebaseAuth */ = {
			isa = XCSwiftPackageProductDependency;
			package = 89F9182B2B072FEA002AA3A1 /* XCRemoteSwiftPackageReference "firebase-ios-sdk" */;
			productName = FirebaseAuth;
		};
		89F9183A2B072FEA002AA3A1 /* FirebaseAuthCombine-Community */ = {
			isa = XCSwiftPackageProductDependency;
			package = 89F9182B2B072FEA002AA3A1 /* XCRemoteSwiftPackageReference "firebase-ios-sdk" */;
			productName = "FirebaseAuthCombine-Community";
		};
		89F9183C2B072FEA002AA3A1 /* FirebaseCrashlytics */ = {
			isa = XCSwiftPackageProductDependency;
			package = 89F9182B2B072FEA002AA3A1 /* XCRemoteSwiftPackageReference "firebase-ios-sdk" */;
			productName = FirebaseCrashlytics;
		};
		89F9183E2B072FEB002AA3A1 /* FirebaseDatabase */ = {
			isa = XCSwiftPackageProductDependency;
			package = 89F9182B2B072FEA002AA3A1 /* XCRemoteSwiftPackageReference "firebase-ios-sdk" */;
			productName = FirebaseDatabase;
		};
		89F918402B072FEB002AA3A1 /* FirebaseDatabaseSwift */ = {
			isa = XCSwiftPackageProductDependency;
			package = 89F9182B2B072FEA002AA3A1 /* XCRemoteSwiftPackageReference "firebase-ios-sdk" */;
			productName = FirebaseDatabaseSwift;
		};
		89F918422B072FEB002AA3A1 /* FirebaseDynamicLinks */ = {
			isa = XCSwiftPackageProductDependency;
			package = 89F9182B2B072FEA002AA3A1 /* XCRemoteSwiftPackageReference "firebase-ios-sdk" */;
			productName = FirebaseDynamicLinks;
		};
		89F918442B072FEB002AA3A1 /* FirebaseFirestore */ = {
			isa = XCSwiftPackageProductDependency;
			package = 89F9182B2B072FEA002AA3A1 /* XCRemoteSwiftPackageReference "firebase-ios-sdk" */;
			productName = FirebaseFirestore;
		};
		89F918462B072FEB002AA3A1 /* FirebaseFirestoreCombine-Community */ = {
			isa = XCSwiftPackageProductDependency;
			package = 89F9182B2B072FEA002AA3A1 /* XCRemoteSwiftPackageReference "firebase-ios-sdk" */;
			productName = "FirebaseFirestoreCombine-Community";
		};
		89F918482B072FEB002AA3A1 /* FirebaseFirestoreSwift */ = {
			isa = XCSwiftPackageProductDependency;
			package = 89F9182B2B072FEA002AA3A1 /* XCRemoteSwiftPackageReference "firebase-ios-sdk" */;
			productName = FirebaseFirestoreSwift;
		};
		89F9184A2B072FEB002AA3A1 /* FirebaseFunctions */ = {
			isa = XCSwiftPackageProductDependency;
			package = 89F9182B2B072FEA002AA3A1 /* XCRemoteSwiftPackageReference "firebase-ios-sdk" */;
			productName = FirebaseFunctions;
		};
		89F9184C2B072FEB002AA3A1 /* FirebaseFunctionsCombine-Community */ = {
			isa = XCSwiftPackageProductDependency;
			package = 89F9182B2B072FEA002AA3A1 /* XCRemoteSwiftPackageReference "firebase-ios-sdk" */;
			productName = "FirebaseFunctionsCombine-Community";
		};
		89F9184E2B072FEB002AA3A1 /* FirebaseInAppMessaging-Beta */ = {
			isa = XCSwiftPackageProductDependency;
			package = 89F9182B2B072FEA002AA3A1 /* XCRemoteSwiftPackageReference "firebase-ios-sdk" */;
			productName = "FirebaseInAppMessaging-Beta";
		};
		89F918502B072FEB002AA3A1 /* FirebaseInAppMessagingSwift-Beta */ = {
			isa = XCSwiftPackageProductDependency;
			package = 89F9182B2B072FEA002AA3A1 /* XCRemoteSwiftPackageReference "firebase-ios-sdk" */;
			productName = "FirebaseInAppMessagingSwift-Beta";
		};
		89F918522B072FEB002AA3A1 /* FirebaseInstallations */ = {
			isa = XCSwiftPackageProductDependency;
			package = 89F9182B2B072FEA002AA3A1 /* XCRemoteSwiftPackageReference "firebase-ios-sdk" */;
			productName = FirebaseInstallations;
		};
		89F918542B072FEB002AA3A1 /* FirebaseMLModelDownloader */ = {
			isa = XCSwiftPackageProductDependency;
			package = 89F9182B2B072FEA002AA3A1 /* XCRemoteSwiftPackageReference "firebase-ios-sdk" */;
			productName = FirebaseMLModelDownloader;
		};
		89F918562B072FEB002AA3A1 /* FirebaseMessaging */ = {
			isa = XCSwiftPackageProductDependency;
			package = 89F9182B2B072FEA002AA3A1 /* XCRemoteSwiftPackageReference "firebase-ios-sdk" */;
			productName = FirebaseMessaging;
		};
		89F918582B072FEB002AA3A1 /* FirebasePerformance */ = {
			isa = XCSwiftPackageProductDependency;
			package = 89F9182B2B072FEA002AA3A1 /* XCRemoteSwiftPackageReference "firebase-ios-sdk" */;
			productName = FirebasePerformance;
		};
		89F9185A2B072FEB002AA3A1 /* FirebaseRemoteConfig */ = {
			isa = XCSwiftPackageProductDependency;
			package = 89F9182B2B072FEA002AA3A1 /* XCRemoteSwiftPackageReference "firebase-ios-sdk" */;
			productName = FirebaseRemoteConfig;
		};
		89F9185C2B072FEB002AA3A1 /* FirebaseRemoteConfigSwift */ = {
			isa = XCSwiftPackageProductDependency;
			package = 89F9182B2B072FEA002AA3A1 /* XCRemoteSwiftPackageReference "firebase-ios-sdk" */;
			productName = FirebaseRemoteConfigSwift;
		};
		89F9185E2B072FEB002AA3A1 /* FirebaseStorage */ = {
			isa = XCSwiftPackageProductDependency;
			package = 89F9182B2B072FEA002AA3A1 /* XCRemoteSwiftPackageReference "firebase-ios-sdk" */;
			productName = FirebaseStorage;
		};
		89F918602B072FEB002AA3A1 /* FirebaseStorageCombine-Community */ = {
			isa = XCSwiftPackageProductDependency;
			package = 89F9182B2B072FEA002AA3A1 /* XCRemoteSwiftPackageReference "firebase-ios-sdk" */;
			productName = "FirebaseStorageCombine-Community";
		};
/* End XCSwiftPackageProductDependency section */
	};
	rootObject = 897D30B62AE460450003F588 /* Project object */;
}
